
Microsoft Visual Studio Solution File, Format Version 12.00
# Visual Studio 2013
VisualStudioVersion = 12.0.40629.0
MinimumVisualStudioVersion = 10.0.40219.1
Project("{FAE04EC0-301F-11D3-BF4B-00C04F79EFBC}") = "WCFHttpWinService", "WCFHttpWinService\WCFHttpWinService.csproj", "{CE8426E2-CD28-4549-BEFE-B535F528CC97}"
EndProject
Project("{FAE04EC0-301F-11D3-BF4B-00C04F79EFBC}") = "WCFShared", "WCFShared\WCFShared.csproj", "{C7481901-2D4E-446D-90A0-01DD6B9EE13C}"
EndProject
Project("{FAE04EC0-301F-11D3-BF4B-00C04F79EFBC}") = "PicoUSB_TC_08Api", "PicoTC08\PicoUSB_TC_08Api\PicoUSB_TC_08Api.csproj", "{E7C55366-275F-4E07-A6A5-FE9EAEAAE8FF}"
EndProject
Project("{FAE04EC0-301F-11D3-BF4B-00C04F79EFBC}") = "WCFPicoTS08ConnectorService", "WCFPicoService\WCFPicoTS08ConnectorService.csproj", "{AEC8679B-9C2D-4C9F-94A8-B6EF9376F542}"
EndProject
Project("{FAE04EC0-301F-11D3-BF4B-00C04F79EFBC}") = "WCFPicoConsoleApp", "WCFPicoConsoleApp\WCFPicoConsoleApp.csproj", "{824B1BDE-4CCC-410C-836D-4013D1E9F7FB}"
EndProject
Project("{FAE04EC0-301F-11D3-BF4B-00C04F79EFBC}") = "InstallService", "InstallService\InstallService.csproj", "{9DC01CEC-ABE4-4130-9DC6-19F290DB3B3D}"
EndProject
Global
	GlobalSection(SolutionConfigurationPlatforms) = preSolution
		Debug|Any CPU = Debug|Any CPU
		Release|Any CPU = Release|Any CPU
	EndGlobalSection
	GlobalSection(ProjectConfigurationPlatforms) = postSolution
		{CE8426E2-CD28-4549-BEFE-B535F528CC97}.Debug|Any CPU.ActiveCfg = Debug|Any CPU
		{CE8426E2-CD28-4549-BEFE-B535F528CC97}.Debug|Any CPU.Build.0 = Debug|Any CPU
		{CE8426E2-CD28-4549-BEFE-B535F528CC97}.Release|Any CPU.ActiveCfg = Release|Any CPU
		{CE8426E2-CD28-4549-BEFE-B535F528CC97}.Release|Any CPU.Build.0 = Release|Any CPU
		{C7481901-2D4E-446D-90A0-01DD6B9EE13C}.Debug|Any CPU.ActiveCfg = Debug|Any CPU
		{C7481901-2D4E-446D-90A0-01DD6B9EE13C}.Debug|Any CPU.Build.0 = Debug|Any CPU
		{C7481901-2D4E-446D-90A0-01DD6B9EE13C}.Release|Any CPU.ActiveCfg = Release|Any CPU
		{C7481901-2D4E-446D-90A0-01DD6B9EE13C}.Release|Any CPU.Build.0 = Release|Any CPU
		{E7C55366-275F-4E07-A6A5-FE9EAEAAE8FF}.Debug|Any CPU.ActiveCfg = Debug|Any CPU
		{E7C55366-275F-4E07-A6A5-FE9EAEAAE8FF}.Debug|Any CPU.Build.0 = Debug|Any CPU
		{E7C55366-275F-4E07-A6A5-FE9EAEAAE8FF}.Release|Any CPU.ActiveCfg = Release|Any CPU
		{E7C55366-275F-4E07-A6A5-FE9EAEAAE8FF}.Release|Any CPU.Build.0 = Release|Any CPU
		{AEC8679B-9C2D-4C9F-94A8-B6EF9376F542}.Debug|Any CPU.ActiveCfg = Debug|Any CPU
		{AEC8679B-9C2D-4C9F-94A8-B6EF9376F542}.Debug|Any CPU.Build.0 = Debug|Any CPU
		{AEC8679B-9C2D-4C9F-94A8-B6EF9376F542}.Release|Any CPU.ActiveCfg = Release|Any CPU
		{AEC8679B-9C2D-4C9F-94A8-B6EF9376F542}.Release|Any CPU.Build.0 = Release|Any CPU
		{824B1BDE-4CCC-410C-836D-4013D1E9F7FB}.Debug|Any CPU.ActiveCfg = Debug|Any CPU
		{824B1BDE-4CCC-410C-836D-4013D1E9F7FB}.Debug|Any CPU.Build.0 = Debug|Any CPU
		{824B1BDE-4CCC-410C-836D-4013D1E9F7FB}.Release|Any CPU.ActiveCfg = Release|Any CPU
		{824B1BDE-4CCC-410C-836D-4013D1E9F7FB}.Release|Any CPU.Build.0 = Release|Any CPU
		{9DC01CEC-ABE4-4130-9DC6-19F290DB3B3D}.Debug|Any CPU.ActiveCfg = Debug|Any CPU
		{9DC01CEC-ABE4-4130-9DC6-19F290DB3B3D}.Debug|Any CPU.Build.0 = Debug|Any CPU
		{9DC01CEC-ABE4-4130-9DC6-19F290DB3B3D}.Release|Any CPU.ActiveCfg = Release|Any CPU
		{9DC01CEC-ABE4-4130-9DC6-19F290DB3B3D}.Release|Any CPU.Build.0 = Release|Any CPU
	EndGlobalSection
	GlobalSection(SolutionProperties) = preSolution
		HideSolutionNode = FALSE
	EndGlobalSection
EndGlobal
